
Microsoft Visual Studio Solution File, Format Version 12.00
# Visual Studio 15
VisualStudioVersion = 15.0.27428.2015
MinimumVisualStudioVersion = 10.0.40219.1
Project("{FAE04EC0-301F-11D3-BF4B-00C04F79EFBC}") = "NevlabsTest", "NevlabsTest\NevlabsTest.csproj", "{76B5A0B4-DBF5-4846-BF65-55D572BDA039}"
EndProject
Global
	GlobalSection(SolutionConfigurationPlatforms) = preSolution
		Debug|Any CPU = Debug|Any CPU
		Release|Any CPU = Release|Any CPU
	EndGlobalSection
	GlobalSection(ProjectConfigurationPlatforms) = postSolution
		{76B5A0B4-DBF5-4846-BF65-55D572BDA039}.Debug|Any CPU.ActiveCfg = Debug|Any CPU
		{76B5A0B4-DBF5-4846-BF65-55D572BDA039}.Debug|Any CPU.Build.0 = Debug|Any CPU
		{76B5A0B4-DBF5-4846-BF65-55D572BDA039}.Release|Any CPU.ActiveCfg = Release|Any CPU
		{76B5A0B4-DBF5-4846-BF65-55D572BDA039}.Release|Any CPU.Build.0 = Release|Any CPU
	EndGlobalSection
	GlobalSection(SolutionProperties) = preSolution
		HideSolutionNode = FALSE
	EndGlobalSection
	GlobalSection(ExtensibilityGlobals) = postSolution
		SolutionGuid = {3BBBAC4B-1D33-46DD-BAAF-37B01130B7CF}
	EndGlobalSection
EndGlobal
